
Microsoft Visual Studio Solution File, Format Version 12.00
# Visual Studio Version 16
VisualStudioVersion = 16.0.30413.136
MinimumVisualStudioVersion = 10.0.40219.1
Project("{FAE04EC0-301F-11D3-BF4B-00C04F79EFBC}") = "62-1", "Train0909\62-1.csproj", "{A2841B91-CF4E-4D16-A4BB-D8A93E5FFB61}"
EndProject
Project("{FAE04EC0-301F-11D3-BF4B-00C04F79EFBC}") = "62-2", "62-2\62-2.csproj", "{9FF47A46-646C-4AD3-AE6E-EDFE4C441918}"
EndProject
Project("{FAE04EC0-301F-11D3-BF4B-00C04F79EFBC}") = "67-1", "67-1\67-1.csproj", "{81DA1A6A-899A-4F52-8340-4DC373692C43}"
EndProject
Project("{FAE04EC0-301F-11D3-BF4B-00C04F79EFBC}") = "67-2", "67-2\67-2.csproj", "{42934B2F-82F7-4D1A-B47E-D183BCA6B40D}"
EndProject
Project("{FAE04EC0-301F-11D3-BF4B-00C04F79EFBC}") = "68-1", "68-1\68-1.csproj", "{0B054D6A-80E0-4346-B956-7E66BED9A6EC}"
EndProject
Project("{FAE04EC0-301F-11D3-BF4B-00C04F79EFBC}") = "68-2", "68-2\68-2.csproj", "{3589F734-2237-40BE-8996-96BCA1EA1D0A}"
EndProject
Project("{FAE04EC0-301F-11D3-BF4B-00C04F79EFBC}") = "72-1", "72-1\72-1.csproj", "{9D7E2A65-8882-459F-BF73-96B98FEFF196}"
EndProject
Project("{FAE04EC0-301F-11D3-BF4B-00C04F79EFBC}") = "72-2", "72-2\72-2.csproj", "{4D54F085-7F8C-4F8F-83A4-A59FF8711DD9}"
EndProject
Project("{FAE04EC0-301F-11D3-BF4B-00C04F79EFBC}") = "圆的周长与面积", "圆的周长与面积\圆的周长与面积.csproj", "{20ED4F7B-9CC1-4CA7-A5F4-67ADF4A2C29B}"
EndProject
Project("{FAE04EC0-301F-11D3-BF4B-00C04F79EFBC}") = "107653转换", "107653转换\107653转换.csproj", "{54CCC2D9-8567-4C4B-97F7-7AD5C7554D00}"
EndProject
Global
	GlobalSection(SolutionConfigurationPlatforms) = preSolution
		Debug|Any CPU = Debug|Any CPU
		Debug|x64 = Debug|x64
		Release|Any CPU = Release|Any CPU
		Release|x64 = Release|x64
	EndGlobalSection
	GlobalSection(ProjectConfigurationPlatforms) = postSolution
		{A2841B91-CF4E-4D16-A4BB-D8A93E5FFB61}.Debug|Any CPU.ActiveCfg = Debug|Any CPU
		{A2841B91-CF4E-4D16-A4BB-D8A93E5FFB61}.Debug|Any CPU.Build.0 = Debug|Any CPU
		{A2841B91-CF4E-4D16-A4BB-D8A93E5FFB61}.Debug|x64.ActiveCfg = Debug|x64
		{A2841B91-CF4E-4D16-A4BB-D8A93E5FFB61}.Debug|x64.Build.0 = Debug|x64
		{A2841B91-CF4E-4D16-A4BB-D8A93E5FFB61}.Release|Any CPU.ActiveCfg = Release|Any CPU
		{A2841B91-CF4E-4D16-A4BB-D8A93E5FFB61}.Release|Any CPU.Build.0 = Release|Any CPU
		{A2841B91-CF4E-4D16-A4BB-D8A93E5FFB61}.Release|x64.ActiveCfg = Release|x64
		{A2841B91-CF4E-4D16-A4BB-D8A93E5FFB61}.Release|x64.Build.0 = Release|x64
		{9FF47A46-646C-4AD3-AE6E-EDFE4C441918}.Debug|Any CPU.ActiveCfg = Debug|Any CPU
		{9FF47A46-646C-4AD3-AE6E-EDFE4C441918}.Debug|Any CPU.Build.0 = Debug|Any CPU
		{9FF47A46-646C-4AD3-AE6E-EDFE4C441918}.Debug|x64.ActiveCfg = Debug|Any CPU
		{9FF47A46-646C-4AD3-AE6E-EDFE4C441918}.Debug|x64.Build.0 = Debug|Any CPU
		{9FF47A46-646C-4AD3-AE6E-EDFE4C441918}.Release|Any CPU.ActiveCfg = Release|Any CPU
		{9FF47A46-646C-4AD3-AE6E-EDFE4C441918}.Release|Any CPU.Build.0 = Release|Any CPU
		{9FF47A46-646C-4AD3-AE6E-EDFE4C441918}.Release|x64.ActiveCfg = Release|Any CPU
		{9FF47A46-646C-4AD3-AE6E-EDFE4C441918}.Release|x64.Build.0 = Release|Any CPU
		{81DA1A6A-899A-4F52-8340-4DC373692C43}.Debug|Any CPU.ActiveCfg = Debug|Any CPU
		{81DA1A6A-899A-4F52-8340-4DC373692C43}.Debug|Any CPU.Build.0 = Debug|Any CPU
		{81DA1A6A-899A-4F52-8340-4DC373692C43}.Debug|x64.ActiveCfg = Debug|Any CPU
		{81DA1A6A-899A-4F52-8340-4DC373692C43}.Debug|x64.Build.0 = Debug|Any CPU
		{81DA1A6A-899A-4F52-8340-4DC373692C43}.Release|Any CPU.ActiveCfg = Release|Any CPU
		{81DA1A6A-899A-4F52-8340-4DC373692C43}.Release|Any CPU.Build.0 = Release|Any CPU
		{81DA1A6A-899A-4F52-8340-4DC373692C43}.Release|x64.ActiveCfg = Release|Any CPU
		{81DA1A6A-899A-4F52-8340-4DC373692C43}.Release|x64.Build.0 = Release|Any CPU
		{42934B2F-82F7-4D1A-B47E-D183BCA6B40D}.Debug|Any CPU.ActiveCfg = Debug|Any CPU
		{42934B2F-82F7-4D1A-B47E-D183BCA6B40D}.Debug|Any CPU.Build.0 = Debug|Any CPU
		{42934B2F-82F7-4D1A-B47E-D183BCA6B40D}.Debug|x64.ActiveCfg = Debug|Any CPU
		{42934B2F-82F7-4D1A-B47E-D183BCA6B40D}.Debug|x64.Build.0 = Debug|Any CPU
		{42934B2F-82F7-4D1A-B47E-D183BCA6B40D}.Release|Any CPU.ActiveCfg = Release|Any CPU
		{42934B2F-82F7-4D1A-B47E-D183BCA6B40D}.Release|Any CPU.Build.0 = Release|Any CPU
		{42934B2F-82F7-4D1A-B47E-D183BCA6B40D}.Release|x64.ActiveCfg = Release|Any CPU
		{42934B2F-82F7-4D1A-B47E-D183BCA6B40D}.Release|x64.Build.0 = Release|Any CPU
		{0B054D6A-80E0-4346-B956-7E66BED9A6EC}.Debug|Any CPU.ActiveCfg = Debug|Any CPU
		{0B054D6A-80E0-4346-B956-7E66BED9A6EC}.Debug|Any CPU.Build.0 = Debug|Any CPU
		{0B054D6A-80E0-4346-B956-7E66BED9A6EC}.Debug|x64.ActiveCfg = Debug|Any CPU
		{0B054D6A-80E0-4346-B956-7E66BED9A6EC}.Debug|x64.Build.0 = Debug|Any CPU
		{0B054D6A-80E0-4346-B956-7E66BED9A6EC}.Release|Any CPU.ActiveCfg = Release|Any CPU
		{0B054D6A-80E0-4346-B956-7E66BED9A6EC}.Release|Any CPU.Build.0 = Release|Any CPU
		{0B054D6A-80E0-4346-B956-7E66BED9A6EC}.Release|x64.ActiveCfg = Release|Any CPU
		{0B054D6A-80E0-4346-B956-7E66BED9A6EC}.Release|x64.Build.0 = Release|Any CPU
		{3589F734-2237-40BE-8996-96BCA1EA1D0A}.Debug|Any CPU.ActiveCfg = Debug|Any CPU
		{3589F734-2237-40BE-8996-96BCA1EA1D0A}.Debug|Any CPU.Build.0 = Debug|Any CPU
		{3589F734-2237-40BE-8996-96BCA1EA1D0A}.Debug|x64.ActiveCfg = Debug|Any CPU
		{3589F734-2237-40BE-8996-96BCA1EA1D0A}.Debug|x64.Build.0 = Debug|Any CPU
		{3589F734-2237-40BE-8996-96BCA1EA1D0A}.Release|Any CPU.ActiveCfg = Release|Any CPU
		{3589F734-2237-40BE-8996-96BCA1EA1D0A}.Release|Any CPU.Build.0 = Release|Any CPU
		{3589F734-2237-40BE-8996-96BCA1EA1D0A}.Release|x64.ActiveCfg = Release|Any CPU
		{3589F734-2237-40BE-8996-96BCA1EA1D0A}.Release|x64.Build.0 = Release|Any CPU
		{9D7E2A65-8882-459F-BF73-96B98FEFF196}.Debug|Any CPU.ActiveCfg = Debug|Any CPU
		{9D7E2A65-8882-459F-BF73-96B98FEFF196}.Debug|Any CPU.Build.0 = Debug|Any CPU
		{9D7E2A65-8882-459F-BF73-96B98FEFF196}.Debug|x64.ActiveCfg = Debug|Any CPU
		{9D7E2A65-8882-459F-BF73-96B98FEFF196}.Debug|x64.Build.0 = Debug|Any CPU
		{9D7E2A65-8882-459F-BF73-96B98FEFF196}.Release|Any CPU.ActiveCfg = Release|Any CPU
		{9D7E2A65-8882-459F-BF73-96B98FEFF196}.Release|Any CPU.Build.0 = Release|Any CPU
		{9D7E2A65-8882-459F-BF73-96B98FEFF196}.Release|x64.ActiveCfg = Release|Any CPU
		{9D7E2A65-8882-459F-BF73-96B98FEFF196}.Release|x64.Build.0 = Release|Any CPU
		{4D54F085-7F8C-4F8F-83A4-A59FF8711DD9}.Debug|Any CPU.ActiveCfg = Debug|Any CPU
		{4D54F085-7F8C-4F8F-83A4-A59FF8711DD9}.Debug|Any CPU.Build.0 = Debug|Any CPU
		{4D54F085-7F8C-4F8F-83A4-A59FF8711DD9}.Debug|x64.ActiveCfg = Debug|Any CPU
		{4D54F085-7F8C-4F8F-83A4-A59FF8711DD9}.Debug|x64.Build.0 = Debug|Any CPU
		{4D54F085-7F8C-4F8F-83A4-A59FF8711DD9}.Release|Any CPU.ActiveCfg = Release|Any CPU
		{4D54F085-7F8C-4F8F-83A4-A59FF8711DD9}.Release|Any CPU.Build.0 = Release|Any CPU
		{4D54F085-7F8C-4F8F-83A4-A59FF8711DD9}.Release|x64.ActiveCfg = Release|Any CPU
		{4D54F085-7F8C-4F8F-83A4-A59FF8711DD9}.Release|x64.Build.0 = Release|Any CPU
		{20ED4F7B-9CC1-4CA7-A5F4-67ADF4A2C29B}.Debug|Any CPU.ActiveCfg = Debug|Any CPU
		{20ED4F7B-9CC1-4CA7-A5F4-67ADF4A2C29B}.Debug|Any CPU.Build.0 = Debug|Any CPU
		{20ED4F7B-9CC1-4CA7-A5F4-67ADF4A2C29B}.Debug|x64.ActiveCfg = Debug|Any CPU
		{20ED4F7B-9CC1-4CA7-A5F4-67ADF4A2C29B}.Debug|x64.Build.0 = Debug|Any CPU
		{20ED4F7B-9CC1-4CA7-A5F4-67ADF4A2C29B}.Release|Any CPU.ActiveCfg = Release|Any CPU
		{20ED4F7B-9CC1-4CA7-A5F4-67ADF4A2C29B}.Release|Any CPU.Build.0 = Release|Any CPU
		{20ED4F7B-9CC1-4CA7-A5F4-67ADF4A2C29B}.Release|x64.ActiveCfg = Release|Any CPU
		{20ED4F7B-9CC1-4CA7-A5F4-67ADF4A2C29B}.Release|x64.Build.0 = Release|Any CPU
		{54CCC2D9-8567-4C4B-97F7-7AD5C7554D00}.Debug|Any CPU.ActiveCfg = Debug|Any CPU
		{54CCC2D9-8567-4C4B-97F7-7AD5C7554D00}.Debug|Any CPU.Build.0 = Debug|Any CPU
		{54CCC2D9-8567-4C4B-97F7-7AD5C7554D00}.Debug|x64.ActiveCfg = Debug|Any CPU
		{54CCC2D9-8567-4C4B-97F7-7AD5C7554D00}.Debug|x64.Build.0 = Debug|Any CPU
		{54CCC2D9-8567-4C4B-97F7-7AD5C7554D00}.Release|Any CPU.ActiveCfg = Release|Any CPU
		{54CCC2D9-8567-4C4B-97F7-7AD5C7554D00}.Release|Any CPU.Build.0 = Release|Any CPU
		{54CCC2D9-8567-4C4B-97F7-7AD5C7554D00}.Release|x64.ActiveCfg = Release|Any CPU
		{54CCC2D9-8567-4C4B-97F7-7AD5C7554D00}.Release|x64.Build.0 = Release|Any CPU
	EndGlobalSection
	GlobalSection(SolutionProperties) = preSolution
		HideSolutionNode = FALSE
	EndGlobalSection
	GlobalSection(ExtensibilityGlobals) = postSolution
		SolutionGuid = {06782FD7-E843-4B90-90E9-83119973B559}
	EndGlobalSection
EndGlobal
